
Microsoft Visual Studio Solution File, Format Version 12.00
# Visual Studio Version 16
VisualStudioVersion = 16.0.30621.155
MinimumVisualStudioVersion = 10.0.40219.1
Project("{FAE04EC0-301F-11D3-BF4B-00C04F79EFBC}") = "Zahnrad_WPF", "Zahnrad_WPF\Zahnrad_WPF.csproj", "{DFA3135F-CB5D-4197-A5B1-466C799F78FD}"
EndProject
Global
	GlobalSection(SolutionConfigurationPlatforms) = preSolution
		Debug|Any CPU = Debug|Any CPU
		Release|Any CPU = Release|Any CPU
	EndGlobalSection
	GlobalSection(ProjectConfigurationPlatforms) = postSolution
		{DFA3135F-CB5D-4197-A5B1-466C799F78FD}.Debug|Any CPU.ActiveCfg = Debug|Any CPU
		{DFA3135F-CB5D-4197-A5B1-466C799F78FD}.Debug|Any CPU.Build.0 = Debug|Any CPU
		{DFA3135F-CB5D-4197-A5B1-466C799F78FD}.Release|Any CPU.ActiveCfg = Release|Any CPU
		{DFA3135F-CB5D-4197-A5B1-466C799F78FD}.Release|Any CPU.Build.0 = Release|Any CPU
	EndGlobalSection
	GlobalSection(SolutionProperties) = preSolution
		HideSolutionNode = FALSE
	EndGlobalSection
	GlobalSection(ExtensibilityGlobals) = postSolution
		SolutionGuid = {02484F8A-C982-46AD-9A27-DCC7E896C64D}
	EndGlobalSection
EndGlobal
